
Microsoft Visual Studio Solution File, Format Version 12.00
# Visual Studio Version 17
VisualStudioVersion = 17.10.35201.131
MinimumVisualStudioVersion = 10.0.40219.1
Project("{FAE04EC0-301F-11D3-BF4B-00C04F79EFBC}") = "rx_kafka_proxy", "rx_kafka_proxy\rx_kafka_proxy.csproj", "{44021EB8-8598-4DF9-87A0-C31315E8643A}"
EndProject
Project("{2150E333-8FDC-42A3-9474-1A3956D46DE8}") = "Solution Items", "Solution Items", "{1F7EDEE4-7B9E-4782-A0A1-FB22FAD7B688}"
	ProjectSection(SolutionItems) = preProject
		ccloud_proxy.ps1 = ccloud_proxy.ps1
		README.md = README.md
	EndProjectSection
EndProject
Global
	GlobalSection(SolutionConfigurationPlatforms) = preSolution
		Debug|Any CPU = Debug|Any CPU
		Release|Any CPU = Release|Any CPU
	EndGlobalSection
	GlobalSection(ProjectConfigurationPlatforms) = postSolution
		{44021EB8-8598-4DF9-87A0-C31315E8643A}.Debug|Any CPU.ActiveCfg = Debug|Any CPU
		{44021EB8-8598-4DF9-87A0-C31315E8643A}.Debug|Any CPU.Build.0 = Debug|Any CPU
		{44021EB8-8598-4DF9-87A0-C31315E8643A}.Release|Any CPU.ActiveCfg = Release|Any CPU
		{44021EB8-8598-4DF9-87A0-C31315E8643A}.Release|Any CPU.Build.0 = Release|Any CPU
	EndGlobalSection
	GlobalSection(SolutionProperties) = preSolution
		HideSolutionNode = FALSE
	EndGlobalSection
	GlobalSection(ExtensibilityGlobals) = postSolution
		SolutionGuid = {B69911C3-D3EA-4C61-B3B1-5D2FA02533D8}
	EndGlobalSection
EndGlobal
